# This file is automatically @generated by Cargo.
# It is not intended for manual editing.
version = 3

[[package]]
name = "fable_library_rust"
version = "0.1.0"
dependencies = [
 "startup",
]

[[package]]
name = "fable_rust"
version = "0.1.0"
dependencies = [
 "fable_library_rust",
]

[[package]]
name = "startup"
version = "0.1.1"
source = "registry+https://github.com/rust-lang/crates.io-index"
checksum = "6e4b82fbe497696de0a02ab63e42cf58b4d64333da2b550494eaa676c98d932f"
